
Microsoft Visual Studio Solution File, Format Version 12.00
# Visual Studio 15
VisualStudioVersion = 15.0.28307.572
MinimumVisualStudioVersion = 10.0.40219.1
Project("{FAE04EC0-301F-11D3-BF4B-00C04F79EFBC}") = "Production_Status_UAT", "Production_Status_UAT\Production_Status_UAT.csproj", "{4E7D05A6-CDA5-45B7-8E54-4C48589B3689}"
EndProject
Global
	GlobalSection(SolutionConfigurationPlatforms) = preSolution
		Debug|Any CPU = Debug|Any CPU
		Release|Any CPU = Release|Any CPU
	EndGlobalSection
	GlobalSection(ProjectConfigurationPlatforms) = postSolution
		{4E7D05A6-CDA5-45B7-8E54-4C48589B3689}.Debug|Any CPU.ActiveCfg = Debug|Any CPU
		{4E7D05A6-CDA5-45B7-8E54-4C48589B3689}.Debug|Any CPU.Build.0 = Debug|Any CPU
		{4E7D05A6-CDA5-45B7-8E54-4C48589B3689}.Release|Any CPU.ActiveCfg = Release|Any CPU
		{4E7D05A6-CDA5-45B7-8E54-4C48589B3689}.Release|Any CPU.Build.0 = Release|Any CPU
	EndGlobalSection
	GlobalSection(SolutionProperties) = preSolution
		HideSolutionNode = FALSE
	EndGlobalSection
	GlobalSection(ExtensibilityGlobals) = postSolution
		SolutionGuid = {38081EB2-38C0-438B-AA3A-54398CBD4CC1}
	EndGlobalSection
EndGlobal
