
Microsoft Visual Studio Solution File, Format Version 12.00
# Visual Studio 15
VisualStudioVersion = 15.0.28307.757
MinimumVisualStudioVersion = 10.0.40219.1
Project("{FAE04EC0-301F-11D3-BF4B-00C04F79EFBC}") = "i_facility_IdleHandlerWithOptimization", "i_facility_IdleHandlerWithOptimization.csproj", "{B2216D5F-80E4-4240-B60C-D6B8A9867CF3}"
EndProject
Global
	GlobalSection(SolutionConfigurationPlatforms) = preSolution
		Debug|Any CPU = Debug|Any CPU
		Release|Any CPU = Release|Any CPU
	EndGlobalSection
	GlobalSection(ProjectConfigurationPlatforms) = postSolution
		{B2216D5F-80E4-4240-B60C-D6B8A9867CF3}.Debug|Any CPU.ActiveCfg = Debug|Any CPU
		{B2216D5F-80E4-4240-B60C-D6B8A9867CF3}.Debug|Any CPU.Build.0 = Debug|Any CPU
		{B2216D5F-80E4-4240-B60C-D6B8A9867CF3}.Release|Any CPU.ActiveCfg = Release|Any CPU
		{B2216D5F-80E4-4240-B60C-D6B8A9867CF3}.Release|Any CPU.Build.0 = Release|Any CPU
	EndGlobalSection
	GlobalSection(SolutionProperties) = preSolution
		HideSolutionNode = FALSE
	EndGlobalSection
	GlobalSection(ExtensibilityGlobals) = postSolution
		SolutionGuid = {5FDF5DDD-F78F-469F-8A98-C030B01312AF}
	EndGlobalSection
EndGlobal
